// !$*UTF8*$!
{
	archiveVersion = 1;
	classes = {
	};
	objectVersion = 46;
	objects = {

/* Begin PBXBuildFile section */
		3B2602731EEE91360092AB27 /* audio0001.mp3 in Resources */ = {isa = PBXBuildFile; fileRef = 3B2602721EEE91360092AB27 /* audio0001.mp3 */; };
		3B2602751EEEBF8A0092AB27 /* GoogleService-Info.plist in Resources */ = {isa = PBXBuildFile; fileRef = 3B2602741EEEBF8A0092AB27 /* GoogleService-Info.plist */; };
		3B8EAD5D1EF5A19C00C8BE15 /* customExtensions.swift in Sources */ = {isa = PBXBuildFile; fileRef = 3B8EAD5C1EF5A19C00C8BE15 /* customExtensions.swift */; };
		3B8EAD5F1EF6BC4C00C8BE15 /* audio0002.mp3 in Resources */ = {isa = PBXBuildFile; fileRef = 3B8EAD5E1EF6BC4C00C8BE15 /* audio0002.mp3 */; };
		3BB5FCFB1EE409ED008CA08F /* AppDelegate.swift in Sources */ = {isa = PBXBuildFile; fileRef = 3BB5FCFA1EE409ED008CA08F /* AppDelegate.swift */; };
		3BB5FD001EE409ED008CA08F /* Main.storyboard in Resources */ = {isa = PBXBuildFile; fileRef = 3BB5FCFE1EE409ED008CA08F /* Main.storyboard */; };
		3BB5FD021EE409ED008CA08F /* Assets.xcassets in Resources */ = {isa = PBXBuildFile; fileRef = 3BB5FD011EE409ED008CA08F /* Assets.xcassets */; };
		3BB5FD051EE409ED008CA08F /* LaunchScreen.storyboard in Resources */ = {isa = PBXBuildFile; fileRef = 3BB5FD031EE409ED008CA08F /* LaunchScreen.storyboard */; };
		3BB5FD0E1EE40B53008CA08F /* CaptureAndPlayViewController.swift in Sources */ = {isa = PBXBuildFile; fileRef = 3BB5FD0D1EE40B53008CA08F /* CaptureAndPlayViewController.swift */; };
		3BB5FD101EE40C43008CA08F /* TabBarViewController.swift in Sources */ = {isa = PBXBuildFile; fileRef = 3BB5FD0F1EE40C43008CA08F /* TabBarViewController.swift */; };
		3BB5FD131EE40D2F008CA08F /* Constraint.swift in Sources */ = {isa = PBXBuildFile; fileRef = 3BB5FD121EE40D2F008CA08F /* Constraint.swift */; };
		3BB5FD161EE40D7C008CA08F /* Params.swift in Sources */ = {isa = PBXBuildFile; fileRef = 3BB5FD151EE40D7C008CA08F /* Params.swift */; };
		3BB5FD181EE411AB008CA08F /* LikeSoundListViewController.swift in Sources */ = {isa = PBXBuildFile; fileRef = 3BB5FD171EE411AB008CA08F /* LikeSoundListViewController.swift */; };
		C2A4F3AE9CE3FE8D5400B2B8 /* Pods_qrCapture.framework in Frameworks */ = {isa = PBXBuildFile; fileRef = 98C12B2629D0E323308DDBD5 /* Pods_qrCapture.framework */; };
/* End PBXBuildFile section */

/* Begin PBXFileReference section */
		3B2602721EEE91360092AB27 /* audio0001.mp3 */ = {isa = PBXFileReference; lastKnownFileType = audio.mp3; path = audio0001.mp3; sourceTree = "<group>"; };
		3B2602741EEEBF8A0092AB27 /* GoogleService-Info.plist */ = {isa = PBXFileReference; fileEncoding = 4; lastKnownFileType = text.plist.xml; path = "GoogleService-Info.plist"; sourceTree = "<group>"; };
		3B8EAD5C1EF5A19C00C8BE15 /* customExtensions.swift */ = {isa = PBXFileReference; fileEncoding = 4; lastKnownFileType = sourcecode.swift; path = customExtensions.swift; sourceTree = "<group>"; };
		3B8EAD5E1EF6BC4C00C8BE15 /* audio0002.mp3 */ = {isa = PBXFileReference; lastKnownFileType = audio.mp3; path = audio0002.mp3; sourceTree = "<group>"; };
		3BB5FCF71EE409ED008CA08F /* qrCapture.app */ = {isa = PBXFileReference; explicitFileType = wrapper.application; includeInIndex = 0; path = qrCapture.app; sourceTree = BUILT_PRODUCTS_DIR; };
		3BB5FCFA1EE409ED008CA08F /* AppDelegate.swift */ = {isa = PBXFileReference; lastKnownFileType = sourcecode.swift; path = AppDelegate.swift; sourceTree = "<group>"; };
		3BB5FCFF1EE409ED008CA08F /* Base */ = {isa = PBXFileReference; lastKnownFileType = file.storyboard; name = Base; path = Base.lproj/Main.storyboard; sourceTree = "<group>"; };
		3BB5FD011EE409ED008CA08F /* Assets.xcassets */ = {isa = PBXFileReference; lastKnownFileType = folder.assetcatalog; path = Assets.xcassets; sourceTree = "<group>"; };
		3BB5FD041EE409ED008CA08F /* Base */ = {isa = PBXFileReference; lastKnownFileType = file.storyboard; name = Base; path = Base.lproj/LaunchScreen.storyboard; sourceTree = "<group>"; };
		3BB5FD061EE409ED008CA08F /* Info.plist */ = {isa = PBXFileReference; lastKnownFileType = text.plist.xml; path = Info.plist; sourceTree = "<group>"; };
		3BB5FD0D1EE40B53008CA08F /* CaptureAndPlayViewController.swift */ = {isa = PBXFileReference; fileEncoding = 4; lastKnownFileType = sourcecode.swift; path = CaptureAndPlayViewController.swift; sourceTree = "<group>"; };
		3BB5FD0F1EE40C43008CA08F /* TabBarViewController.swift */ = {isa = PBXFileReference; fileEncoding = 4; lastKnownFileType = sourcecode.swift; path = TabBarViewController.swift; sourceTree = "<group>"; };
		3BB5FD121EE40D2F008CA08F /* Constraint.swift */ = {isa = PBXFileReference; fileEncoding = 4; lastKnownFileType = sourcecode.swift; path = Constraint.swift; sourceTree = "<group>"; };
		3BB5FD151EE40D7C008CA08F /* Params.swift */ = {isa = PBXFileReference; fileEncoding = 4; lastKnownFileType = sourcecode.swift; path = Params.swift; sourceTree = "<group>"; };
		3BB5FD171EE411AB008CA08F /* LikeSoundListViewController.swift */ = {isa = PBXFileReference; fileEncoding = 4; lastKnownFileType = sourcecode.swift; path = LikeSoundListViewController.swift; sourceTree = "<group>"; };
		5368FB3F3006D5DA0CE9A692 /* Pods-qrCapture.release.xcconfig */ = {isa = PBXFileReference; includeInIndex = 1; lastKnownFileType = text.xcconfig; name = "Pods-qrCapture.release.xcconfig"; path = "Pods/Target Support Files/Pods-qrCapture/Pods-qrCapture.release.xcconfig"; sourceTree = "<group>"; };
		79CE7EAB1393FB182C9D5922 /* Pods-qrCapture.debug.xcconfig */ = {isa = PBXFileReference; includeInIndex = 1; lastKnownFileType = text.xcconfig; name = "Pods-qrCapture.debug.xcconfig"; path = "Pods/Target Support Files/Pods-qrCapture/Pods-qrCapture.debug.xcconfig"; sourceTree = "<group>"; };
		98C12B2629D0E323308DDBD5 /* Pods_qrCapture.framework */ = {isa = PBXFileReference; explicitFileType = wrapper.framework; includeInIndex = 0; path = Pods_qrCapture.framework; sourceTree = BUILT_PRODUCTS_DIR; };
/* End PBXFileReference section */

/* Begin PBXFrameworksBuildPhase section */
		3BB5FCF41EE409ED008CA08F /* Frameworks */ = {
			isa = PBXFrameworksBuildPhase;
			buildActionMask = 2147483647;
			files = (
				C2A4F3AE9CE3FE8D5400B2B8 /* Pods_qrCapture.framework in Frameworks */,
			);
			runOnlyForDeploymentPostprocessing = 0;
		};
/* End PBXFrameworksBuildPhase section */

/* Begin PBXGroup section */
		2F1F1AB19A36228919A3AB54 /* Pods */ = {
			isa = PBXGroup;
			children = (
				79CE7EAB1393FB182C9D5922 /* Pods-qrCapture.debug.xcconfig */,
				5368FB3F3006D5DA0CE9A692 /* Pods-qrCapture.release.xcconfig */,
			);
			name = Pods;
			sourceTree = "<group>";
		};
		3B2602701EEE911D0092AB27 /* Resources */ = {
			isa = PBXGroup;
			children = (
				3B2602711EEE912C0092AB27 /* Sounds */,
			);
			name = Resources;
			sourceTree = "<group>";
		};
		3B2602711EEE912C0092AB27 /* Sounds */ = {
			isa = PBXGroup;
			children = (
				3B8EAD5E1EF6BC4C00C8BE15 /* audio0002.mp3 */,
				3B2602721EEE91360092AB27 /* audio0001.mp3 */,
			);
			name = Sounds;
			sourceTree = "<group>";
		};
		3B8EAD5B1EF5A17500C8BE15 /* Custom */ = {
			isa = PBXGroup;
			children = (
				3B8EAD5C1EF5A19C00C8BE15 /* customExtensions.swift */,
			);
			name = Custom;
			sourceTree = "<group>";
		};
		3BB5FCEE1EE409ED008CA08F = {
			isa = PBXGroup;
			children = (
				3BB5FCF91EE409ED008CA08F /* qrCapture */,
				3BB5FCF81EE409ED008CA08F /* Products */,
				2F1F1AB19A36228919A3AB54 /* Pods */,
				516F333E1D3613AF26587C72 /* Frameworks */,
			);
			sourceTree = "<group>";
		};
		3BB5FCF81EE409ED008CA08F /* Products */ = {
			isa = PBXGroup;
			children = (
				3BB5FCF71EE409ED008CA08F /* qrCapture.app */,
			);
			name = Products;
			sourceTree = "<group>";
		};
		3BB5FCF91EE409ED008CA08F /* qrCapture */ = {
			isa = PBXGroup;
			children = (
				3B8EAD5B1EF5A17500C8BE15 /* Custom */,
				3B2602701EEE911D0092AB27 /* Resources */,
				3BB5FD141EE40D61008CA08F /* Parameters */,
				3BB5FD111EE40CFE008CA08F /* Functions */,
				3BB5FD0C1EE40AE0008CA08F /* CV */,
				3BB5FCFA1EE409ED008CA08F /* AppDelegate.swift */,
				3BB5FCFE1EE409ED008CA08F /* Main.storyboard */,
				3BB5FD011EE409ED008CA08F /* Assets.xcassets */,
				3BB5FD031EE409ED008CA08F /* LaunchScreen.storyboard */,
				3BB5FD061EE409ED008CA08F /* Info.plist */,
				3B2602741EEEBF8A0092AB27 /* GoogleService-Info.plist */,
			);
			path = qrCapture;
			sourceTree = "<group>";
		};
		3BB5FD0C1EE40AE0008CA08F /* CV */ = {
			isa = PBXGroup;
			children = (
				3BB5FD0D1EE40B53008CA08F /* CaptureAndPlayViewController.swift */,
				3BB5FD171EE411AB008CA08F /* LikeSoundListViewController.swift */,
				3BB5FD0F1EE40C43008CA08F /* TabBarViewController.swift */,
			);
			name = CV;
			sourceTree = "<group>";
		};
		3BB5FD111EE40CFE008CA08F /* Functions */ = {
			isa = PBXGroup;
			children = (
				3BB5FD121EE40D2F008CA08F /* Constraint.swift */,
			);
			name = Functions;
			sourceTree = "<group>";
		};
		3BB5FD141EE40D61008CA08F /* Parameters */ = {
			isa = PBXGroup;
			children = (
				3BB5FD151EE40D7C008CA08F /* Params.swift */,
			);
			name = Parameters;
			sourceTree = "<group>";
		};
		516F333E1D3613AF26587C72 /* Frameworks */ = {
			isa = PBXGroup;
			children = (
				98C12B2629D0E323308DDBD5 /* Pods_qrCapture.framework */,
			);
			name = Frameworks;
			sourceTree = "<group>";
		};
/* End PBXGroup section */

/* Begin PBXNativeTarget section */
		3BB5FCF61EE409ED008CA08F /* qrCapture */ = {
			isa = PBXNativeTarget;
			buildConfigurationList = 3BB5FD091EE409ED008CA08F /* Build configuration list for PBXNativeTarget "qrCapture" */;
			buildPhases = (
				6CBFBA06C8AC60C6D7E9E5D9 /* [CP] Check Pods Manifest.lock */,
				3BB5FCF31EE409ED008CA08F /* Sources */,
				3BB5FCF41EE409ED008CA08F /* Frameworks */,
				3BB5FCF51EE409ED008CA08F /* Resources */,
				282A624E41309212A5ACA6CD /* [CP] Embed Pods Frameworks */,
				0FFD0081468B071DCE60FE07 /* [CP] Copy Pods Resources */,
			);
			buildRules = (
			);
			dependencies = (
			);
			name = qrCapture;
			productName = qrCapture;
			productReference = 3BB5FCF71EE409ED008CA08F /* qrCapture.app */;
			productType = "com.apple.product-type.application";
		};
/* End PBXNativeTarget section */

/* Begin PBXProject section */
		3BB5FCEF1EE409ED008CA08F /* Project object */ = {
			isa = PBXProject;
			attributes = {
				LastSwiftUpdateCheck = 0820;
				LastUpgradeCheck = 0820;
				ORGANIZATIONNAME = takafumi;
				TargetAttributes = {
					3BB5FCF61EE409ED008CA08F = {
						CreatedOnToolsVersion = 8.2.1;
						DevelopmentTeam = 3R57U2AL9J;
						ProvisioningStyle = Automatic;
					};
				};
			};
			buildConfigurationList = 3BB5FCF21EE409ED008CA08F /* Build configuration list for PBXProject "qrCapture" */;
			compatibilityVersion = "Xcode 3.2";
			developmentRegion = English;
			hasScannedForEncodings = 0;
			knownRegions = (
				en,
				Base,
			);
			mainGroup = 3BB5FCEE1EE409ED008CA08F;
			productRefGroup = 3BB5FCF81EE409ED008CA08F /* Products */;
			projectDirPath = "";
			projectRoot = "";
			targets = (
				3BB5FCF61EE409ED008CA08F /* qrCapture */,
			);
		};
/* End PBXProject section */

/* Begin PBXResourcesBuildPhase section */
		3BB5FCF51EE409ED008CA08F /* Resources */ = {
			isa = PBXResourcesBuildPhase;
			buildActionMask = 2147483647;
			files = (
				3BB5FD051EE409ED008CA08F /* LaunchScreen.storyboard in Resources */,
				3BB5FD021EE409ED008CA08F /* Assets.xcassets in Resources */,
				3B2602751EEEBF8A0092AB27 /* GoogleService-Info.plist in Resources */,
				3B8EAD5F1EF6BC4C00C8BE15 /* audio0002.mp3 in Resources */,
				3B2602731EEE91360092AB27 /* audio0001.mp3 in Resources */,
				3BB5FD001EE409ED008CA08F /* Main.storyboard in Resources */,
			);
			runOnlyForDeploymentPostprocessing = 0;
		};
/* End PBXResourcesBuildPhase section */

/* Begin PBXShellScriptBuildPhase section */
		0FFD0081468B071DCE60FE07 /* [CP] Copy Pods Resources */ = {
			isa = PBXShellScriptBuildPhase;
			buildActionMask = 2147483647;
			files = (
			);
			inputPaths = (
			);
			name = "[CP] Copy Pods Resources";
			outputPaths = (
			);
			runOnlyForDeploymentPostprocessing = 0;
			shellPath = /bin/sh;
			shellScript = "\"${SRCROOT}/Pods/Target Support Files/Pods-qrCapture/Pods-qrCapture-resources.sh\"\n";
			showEnvVarsInLog = 0;
		};
		282A624E41309212A5ACA6CD /* [CP] Embed Pods Frameworks */ = {
			isa = PBXShellScriptBuildPhase;
			buildActionMask = 2147483647;
			files = (
			);
			inputPaths = (
			);
			name = "[CP] Embed Pods Frameworks";
			outputPaths = (
			);
			runOnlyForDeploymentPostprocessing = 0;
			shellPath = /bin/sh;
			shellScript = "\"${SRCROOT}/Pods/Target Support Files/Pods-qrCapture/Pods-qrCapture-frameworks.sh\"\n";
			showEnvVarsInLog = 0;
		};
		6CBFBA06C8AC60C6D7E9E5D9 /* [CP] Check Pods Manifest.lock */ = {
			isa = PBXShellScriptBuildPhase;
			buildActionMask = 2147483647;
			files = (
			);
			inputPaths = (
			);
			name = "[CP] Check Pods Manifest.lock";
			outputPaths = (
			);
			runOnlyForDeploymentPostprocessing = 0;
			shellPath = /bin/sh;
			shellScript = "diff \"${PODS_ROOT}/../Podfile.lock\" \"${PODS_ROOT}/Manifest.lock\" > /dev/null\nif [[ $? != 0 ]] ; then\n    cat << EOM\nerror: The sandbox is not in sync with the Podfile.lock. Run 'pod install' or update your CocoaPods installation.\nEOM\n    exit 1\nfi\n";
			showEnvVarsInLog = 0;
		};
/* End PBXShellScriptBuildPhase section */

/* Begin PBXSourcesBuildPhase section */
		3BB5FCF31EE409ED008CA08F /* Sources */ = {
			isa = PBXSourcesBuildPhase;
			buildActionMask = 2147483647;
			files = (
				3BB5FD131EE40D2F008CA08F /* Constraint.swift in Sources */,
				3BB5FCFB1EE409ED008CA08F /* AppDelegate.swift in Sources */,
				3BB5FD101EE40C43008CA08F /* TabBarViewController.swift in Sources */,
				3BB5FD161EE40D7C008CA08F /* Params.swift in Sources */,
				3B8EAD5D1EF5A19C00C8BE15 /* customExtensions.swift in Sources */,
				3BB5FD0E1EE40B53008CA08F /* CaptureAndPlayViewController.swift in Sources */,
				3BB5FD181EE411AB008CA08F /* LikeSoundListViewController.swift in Sources */,
			);
			runOnlyForDeploymentPostprocessing = 0;
		};
/* End PBXSourcesBuildPhase section */

/* Begin PBXVariantGroup section */
		3BB5FCFE1EE409ED008CA08F /* Main.storyboard */ = {
			isa = PBXVariantGroup;
			children = (
				3BB5FCFF1EE409ED008CA08F /* Base */,
			);
			name = Main.storyboard;
			sourceTree = "<group>";
		};
		3BB5FD031EE409ED008CA08F /* LaunchScreen.storyboard */ = {
			isa = PBXVariantGroup;
			children = (
				3BB5FD041EE409ED008CA08F /* Base */,
			);
			name = LaunchScreen.storyboard;
			sourceTree = "<group>";
		};
/* End PBXVariantGroup section */

/* Begin XCBuildConfiguration section */
		3BB5FD071EE409ED008CA08F /* Debug */ = {
			isa = XCBuildConfiguration;
			buildSettings = {
				ALWAYS_SEARCH_USER_PATHS = NO;
				CLANG_ANALYZER_NONNULL = YES;
				CLANG_CXX_LANGUAGE_STANDARD = "gnu++0x";
				CLANG_CXX_LIBRARY = "libc++";
				CLANG_ENABLE_MODULES = YES;
				CLANG_ENABLE_OBJC_ARC = YES;
				CLANG_WARN_BOOL_CONVERSION = YES;
				CLANG_WARN_CONSTANT_CONVERSION = YES;
				CLANG_WARN_DIRECT_OBJC_ISA_USAGE = YES_ERROR;
				CLANG_WARN_DOCUMENTATION_COMMENTS = YES;
				CLANG_WARN_EMPTY_BODY = YES;
				CLANG_WARN_ENUM_CONVERSION = YES;
				CLANG_WARN_INFINITE_RECURSION = YES;
				CLANG_WARN_INT_CONVERSION = YES;
				CLANG_WARN_OBJC_ROOT_CLASS = YES_ERROR;
				CLANG_WARN_SUSPICIOUS_MOVE = YES;
				CLANG_WARN_UNREACHABLE_CODE = YES;
				CLANG_WARN__DUPLICATE_METHOD_MATCH = YES;
				"CODE_SIGN_IDENTITY[sdk=iphoneos*]" = "iPhone Developer";
				COPY_PHASE_STRIP = NO;
				DEBUG_INFORMATION_FORMAT = dwarf;
				ENABLE_STRICT_OBJC_MSGSEND = YES;
				ENABLE_TESTABILITY = YES;
				GCC_C_LANGUAGE_STANDARD = gnu99;
				GCC_DYNAMIC_NO_PIC = NO;
				GCC_NO_COMMON_BLOCKS = YES;
				GCC_OPTIMIZATION_LEVEL = 0;
				GCC_PREPROCESSOR_DEFINITIONS = (
					"DEBUG=1",
					"$(inherited)",
				);
				GCC_WARN_64_TO_32_BIT_CONVERSION = YES;
				GCC_WARN_ABOUT_RETURN_TYPE = YES_ERROR;
				GCC_WARN_UNDECLARED_SELECTOR = YES;
				GCC_WARN_UNINITIALIZED_AUTOS = YES_AGGRESSIVE;
				GCC_WARN_UNUSED_FUNCTION = YES;
				GCC_WARN_UNUSED_VARIABLE = YES;
				IPHONEOS_DEPLOYMENT_TARGET = 10.2;
				MTL_ENABLE_DEBUG_INFO = YES;
				ONLY_ACTIVE_ARCH = YES;
				SDKROOT = iphoneos;
				SWIFT_ACTIVE_COMPILATION_CONDITIONS = DEBUG;
				SWIFT_OPTIMIZATION_LEVEL = "-Onone";
				TARGETED_DEVICE_FAMILY = "1,2";
			};
			name = Debug;
		};
		3BB5FD081EE409ED008CA08F /* Release */ = {
			isa = XCBuildConfiguration;
			buildSettings = {
				ALWAYS_SEARCH_USER_PATHS = NO;
				CLANG_ANALYZER_NONNULL = YES;
				CLANG_CXX_LANGUAGE_STANDARD = "gnu++0x";
				CLANG_CXX_LIBRARY = "libc++";
				CLANG_ENABLE_MODULES = YES;
				CLANG_ENABLE_OBJC_ARC = YES;
				CLANG_WARN_BOOL_CONVERSION = YES;
				CLANG_WARN_CONSTANT_CONVERSION = YES;
				CLANG_WARN_DIRECT_OBJC_ISA_USAGE = YES_ERROR;
				CLANG_WARN_DOCUMENTATION_COMMENTS = YES;
				CLANG_WARN_EMPTY_BODY = YES;
				CLANG_WARN_ENUM_CONVERSION = YES;
				CLANG_WARN_INFINITE_RECURSION = YES;
				CLANG_WARN_INT_CONVERSION = YES;
				CLANG_WARN_OBJC_ROOT_CLASS = YES_ERROR;
				CLANG_WARN_SUSPICIOUS_MOVE = YES;
				CLANG_WARN_UNREACHABLE_CODE = YES;
				CLANG_WARN__DUPLICATE_METHOD_MATCH = YES;
				"CODE_SIGN_IDENTITY[sdk=iphoneos*]" = "iPhone Developer";
				COPY_PHASE_STRIP = NO;
				DEBUG_INFORMATION_FORMAT = "dwarf-with-dsym";
				ENABLE_NS_ASSERTIONS = NO;
				ENABLE_STRICT_OBJC_MSGSEND = YES;
				GCC_C_LANGUAGE_STANDARD = gnu99;
				GCC_NO_COMMON_BLOCKS = YES;
				GCC_WARN_64_TO_32_BIT_CONVERSION = YES;
				GCC_WARN_ABOUT_RETURN_TYPE = YES_ERROR;
				GCC_WARN_UNDECLARED_SELECTOR = YES;
				GCC_WARN_UNINITIALIZED_AUTOS = YES_AGGRESSIVE;
				GCC_WARN_UNUSED_FUNCTION = YES;
				GCC_WARN_UNUSED_VARIABLE = YES;
				IPHONEOS_DEPLOYMENT_TARGET = 10.2;
				MTL_ENABLE_DEBUG_INFO = NO;
				SDKROOT = iphoneos;
				SWIFT_OPTIMIZATION_LEVEL = "-Owholemodule";
				TARGETED_DEVICE_FAMILY = "1,2";
				VALIDATE_PRODUCT = YES;
			};
			name = Release;
		};
		3BB5FD0A1EE409ED008CA08F /* Debug */ = {
			isa = XCBuildConfiguration;
			baseConfigurationReference = 79CE7EAB1393FB182C9D5922 /* Pods-qrCapture.debug.xcconfig */;
			buildSettings = {
				ASSETCATALOG_COMPILER_APPICON_NAME = AppIcon;
				DEVELOPMENT_TEAM = 3R57U2AL9J;
				INFOPLIST_FILE = qrCapture/Info.plist;
				LD_RUNPATH_SEARCH_PATHS = "$(inherited) @executable_path/Frameworks";
				PRODUCT_BUNDLE_IDENTIFIER = us.taka.qrCapture;
				PRODUCT_NAME = "$(TARGET_NAME)";
				SWIFT_OBJC_BRIDGING_HEADER = "";
				SWIFT_VERSION = 3.0;
			};
			name = Debug;
		};
		3BB5FD0B1EE409ED008CA08F /* Release */ = {
			isa = XCBuildConfiguration;
			baseConfigurationReference = 5368FB3F3006D5DA0CE9A692 /* Pods-qrCapture.release.xcconfig */;
			buildSettings = {
				ASSETCATALOG_COMPILER_APPICON_NAME = AppIcon;
				DEVELOPMENT_TEAM = 3R57U2AL9J;
				INFOPLIST_FILE = qrCapture/Info.plist;
				LD_RUNPATH_SEARCH_PATHS = "$(inherited) @executable_path/Frameworks";
				PRODUCT_BUNDLE_IDENTIFIER = us.taka.qrCapture;
				PRODUCT_NAME = "$(TARGET_NAME)";
				SWIFT_OBJC_BRIDGING_HEADER = "";
				SWIFT_VERSION = 3.0;
			};
			name = Release;
		};
/* End XCBuildConfiguration section */

/* Begin XCConfigurationList section */
		3BB5FCF21EE409ED008CA08F /* Build configuration list for PBXProject "qrCapture" */ = {
			isa = XCConfigurationList;
			buildConfigurations = (
				3BB5FD071EE409ED008CA08F /* Debug */,
				3BB5FD081EE409ED008CA08F /* Release */,
			);
			defaultConfigurationIsVisible = 0;
			defaultConfigurationName = Release;
		};
		3BB5FD091EE409ED008CA08F /* Build configuration list for PBXNativeTarget "qrCapture" */ = {
			isa = XCConfigurationList;
			buildConfigurations = (
				3BB5FD0A1EE409ED008CA08F /* Debug */,
				3BB5FD0B1EE409ED008CA08F /* Release */,
			);
			defaultConfigurationIsVisible = 0;
			defaultConfigurationName = Release;
		};
/* End XCConfigurationList section */
	};
	rootObject = 3BB5FCEF1EE409ED008CA08F /* Project object */;
}
